
Microsoft Visual Studio Solution File, Format Version 12.00
# Visual Studio Version 16
VisualStudioVersion = 16.0.31829.152
MinimumVisualStudioVersion = 10.0.40219.1
Project("{FAE04EC0-301F-11D3-BF4B-00C04F79EFBC}") = "Investec Assessment", "Investec Assessment.csproj", "{5AA2D490-3C59-494F-9854-A046673AF203}"
EndProject
Global
	GlobalSection(SolutionConfigurationPlatforms) = preSolution
		Debug|Any CPU = Debug|Any CPU
		Release|Any CPU = Release|Any CPU
	EndGlobalSection
	GlobalSection(ProjectConfigurationPlatforms) = postSolution
		{5AA2D490-3C59-494F-9854-A046673AF203}.Debug|Any CPU.ActiveCfg = Debug|Any CPU
		{5AA2D490-3C59-494F-9854-A046673AF203}.Debug|Any CPU.Build.0 = Debug|Any CPU
		{5AA2D490-3C59-494F-9854-A046673AF203}.Release|Any CPU.ActiveCfg = Release|Any CPU
		{5AA2D490-3C59-494F-9854-A046673AF203}.Release|Any CPU.Build.0 = Release|Any CPU
	EndGlobalSection
	GlobalSection(SolutionProperties) = preSolution
		HideSolutionNode = FALSE
	EndGlobalSection
	GlobalSection(ExtensibilityGlobals) = postSolution
		SolutionGuid = {CD06FCCE-BCFF-4679-B9A8-05A138C1CB4C}
	EndGlobalSection
EndGlobal
